# This file is automatically @generated by Cargo.
# It is not intended for manual editing.
version = 4

[[package]]
name = "clipboard-win"
version = "5.4.0"
source = "registry+https://github.com/rust-lang/crates.io-index"
checksum = "15efe7a882b08f34e38556b14f2fb3daa98769d06c7f0c1b076dfd0d983bc892"
dependencies = [
 "error-code",
]

[[package]]
name = "error-code"
version = "3.3.1"
source = "registry+https://github.com/rust-lang/crates.io-index"
checksum = "a5d9305ccc6942a704f4335694ecd3de2ea531b114ac2d51f5f843750787a92f"

[[package]]
name = "my-test"
version = "0.1.0"
dependencies = [
 "clipboard-win",
]
